
Microsoft Visual Studio Solution File, Format Version 12.00
# Visual Studio Version 16
VisualStudioVersion = 16.0.30517.126
MinimumVisualStudioVersion = 10.0.40219.1
Project("{FAE04EC0-301F-11D3-BF4B-00C04F79EFBC}") = "ServerConfigMtk-P2-20180140099", "ServerConfigMtk-P2-20180140099\ServerConfigMtk-P2-20180140099.csproj", "{59041A8C-DE86-44D4-B5D3-6D75F713B074}"
EndProject
Global
	GlobalSection(SolutionConfigurationPlatforms) = preSolution
		Debug|Any CPU = Debug|Any CPU
		Release|Any CPU = Release|Any CPU
	EndGlobalSection
	GlobalSection(ProjectConfigurationPlatforms) = postSolution
		{59041A8C-DE86-44D4-B5D3-6D75F713B074}.Debug|Any CPU.ActiveCfg = Debug|Any CPU
		{59041A8C-DE86-44D4-B5D3-6D75F713B074}.Debug|Any CPU.Build.0 = Debug|Any CPU
		{59041A8C-DE86-44D4-B5D3-6D75F713B074}.Release|Any CPU.ActiveCfg = Release|Any CPU
		{59041A8C-DE86-44D4-B5D3-6D75F713B074}.Release|Any CPU.Build.0 = Release|Any CPU
	EndGlobalSection
	GlobalSection(SolutionProperties) = preSolution
		HideSolutionNode = FALSE
	EndGlobalSection
	GlobalSection(ExtensibilityGlobals) = postSolution
		SolutionGuid = {171B5487-2A65-4357-8677-34A36940744C}
	EndGlobalSection
EndGlobal
